PODS:
  - ICECustomAlertView (1.0.1)

DEPENDENCIES:
  - ICECustomAlertView (from `../`)

EXTERNAL SOURCES:
  ICECustomAlertView:
    :path: "../"

SPEC CHECKSUMS:
  ICECustomAlertView: 0d0955dd8c05268616f1bc5bdb14b668cea3fc1f

PODFILE CHECKSUM: fff86421027f9e4fd5e933bf1f744a3c183d81ac

COCOAPODS: 1.0.1
